// !$*UTF8*$!
{
	archiveVersion = 1;
	classes = {
	};
	objectVersion = 46;
	objects = {

/* Begin PBXBuildFile section */
		8637482A1F96359A003FD123 /* AppDelegate.swift in Sources */ = {isa = PBXBuildFile; fileRef = 863748291F96359A003FD123 /* AppDelegate.swift */; };
		8637482C1F96359A003FD123 /* ViewController.swift in Sources */ = {isa = PBXBuildFile; fileRef = 8637482B1F96359A003FD123 /* ViewController.swift */; };
		8637482F1F96359A003FD123 /* Main.storyboard in Resources */ = {isa = PBXBuildFile; fileRef = 8637482D1F96359A003FD123 /* Main.storyboard */; };
		863748311F96359A003FD123 /* Assets.xcassets in Resources */ = {isa = PBXBuildFile; fileRef = 863748301F96359A003FD123 /* Assets.xcassets */; };
		863748341F96359A003FD123 /* LaunchScreen.storyboard in Resources */ = {isa = PBXBuildFile; fileRef = 863748321F96359A003FD123 /* LaunchScreen.storyboard */; };
		8637483F1F96359A003FD123 /* proj_04Tests.swift in Sources */ = {isa = PBXBuildFile; fileRef = 8637483E1F96359A003FD123 /* proj_04Tests.swift */; };
		8637484A1F96359A003FD123 /* proj_04UITests.swift in Sources */ = {isa = PBXBuildFile; fileRef = 863748491F96359A003FD123 /* proj_04UITests.swift */; };
		863748581F964444003FD123 /* Data.txt in Resources */ = {isa = PBXBuildFile; fileRef = 863748571F964444003FD123 /* Data.txt */; };
		8637485A1F9645A2003FD123 /* TableView.swift in Sources */ = {isa = PBXBuildFile; fileRef = 863748591F9645A2003FD123 /* TableView.swift */; };
/* End PBXBuildFile section */

/* Begin PBXContainerItemProxy section */
		8637483B1F96359A003FD123 /* PBXContainerItemProxy */ = {
			isa = PBXContainerItemProxy;
			containerPortal = 8637481E1F96359A003FD123 /* Project object */;
			proxyType = 1;
			remoteGlobalIDString = 863748251F96359A003FD123;
			remoteInfo = "proj-04";
		};
		863748461F96359A003FD123 /* PBXContainerItemProxy */ = {
			isa = PBXContainerItemProxy;
			containerPortal = 8637481E1F96359A003FD123 /* Project object */;
			proxyType = 1;
			remoteGlobalIDString = 863748251F96359A003FD123;
			remoteInfo = "proj-04";
		};
/* End PBXContainerItemProxy section */

/* Begin PBXFileReference section */
		863748261F96359A003FD123 /* proj-04.app */ = {isa = PBXFileReference; explicitFileType = wrapper.application; includeInIndex = 0; path = "proj-04.app"; sourceTree = BUILT_PRODUCTS_DIR; };
		863748291F96359A003FD123 /* AppDelegate.swift */ = {isa = PBXFileReference; lastKnownFileType = sourcecode.swift; path = AppDelegate.swift; sourceTree = "<group>"; };
		8637482B1F96359A003FD123 /* ViewController.swift */ = {isa = PBXFileReference; lastKnownFileType = sourcecode.swift; path = ViewController.swift; sourceTree = "<group>"; };
		8637482E1F96359A003FD123 /* Base */ = {isa = PBXFileReference; lastKnownFileType = file.storyboard; name = Base; path = Base.lproj/Main.storyboard; sourceTree = "<group>"; };
		863748301F96359A003FD123 /* Assets.xcassets */ = {isa = PBXFileReference; lastKnownFileType = folder.assetcatalog; path = Assets.xcassets; sourceTree = "<group>"; };
		863748331F96359A003FD123 /* Base */ = {isa = PBXFileReference; lastKnownFileType = file.storyboard; name = Base; path = Base.lproj/LaunchScreen.storyboard; sourceTree = "<group>"; };
		863748351F96359A003FD123 /* Info.plist */ = {isa = PBXFileReference; lastKnownFileType = text.plist.xml; path = Info.plist; sourceTree = "<group>"; };
		8637483A1F96359A003FD123 /* proj-04Tests.xctest */ = {isa = PBXFileReference; explicitFileType = wrapper.cfbundle; includeInIndex = 0; path = "proj-04Tests.xctest"; sourceTree = BUILT_PRODUCTS_DIR; };
		8637483E1F96359A003FD123 /* proj_04Tests.swift */ = {isa = PBXFileReference; lastKnownFileType = sourcecode.swift; path = proj_04Tests.swift; sourceTree = "<group>"; };
		863748401F96359A003FD123 /* Info.plist */ = {isa = PBXFileReference; lastKnownFileType = text.plist.xml; path = Info.plist; sourceTree = "<group>"; };
		863748451F96359A003FD123 /* proj-04UITests.xctest */ = {isa = PBXFileReference; explicitFileType = wrapper.cfbundle; includeInIndex = 0; path = "proj-04UITests.xctest"; sourceTree = BUILT_PRODUCTS_DIR; };
		863748491F96359A003FD123 /* proj_04UITests.swift */ = {isa = PBXFileReference; lastKnownFileType = sourcecode.swift; path = proj_04UITests.swift; sourceTree = "<group>"; };
		8637484B1F96359A003FD123 /* Info.plist */ = {isa = PBXFileReference; lastKnownFileType = text.plist.xml; path = Info.plist; sourceTree = "<group>"; };
		863748571F964444003FD123 /* Data.txt */ = {isa = PBXFileReference; fileEncoding = 4; lastKnownFileType = text; path = Data.txt; sourceTree = "<group>"; };
		863748591F9645A2003FD123 /* TableView.swift */ = {isa = PBXFileReference; fileEncoding = 4; lastKnownFileType = sourcecode.swift; path = TableView.swift; sourceTree = "<group>"; };
/* End PBXFileReference section */

/* Begin PBXFrameworksBuildPhase section */
		863748231F96359A003FD123 /* Frameworks */ = {
			isa = PBXFrameworksBuildPhase;
			buildActionMask = 2147483647;
			files = (
			);
			runOnlyForDeploymentPostprocessing = 0;
		};
		863748371F96359A003FD123 /* Frameworks */ = {
			isa = PBXFrameworksBuildPhase;
			buildActionMask = 2147483647;
			files = (
			);
			runOnlyForDeploymentPostprocessing = 0;
		};
		863748421F96359A003FD123 /* Frameworks */ = {
			isa = PBXFrameworksBuildPhase;
			buildActionMask = 2147483647;
			files = (
			);
			runOnlyForDeploymentPostprocessing = 0;
		};
/* End PBXFrameworksBuildPhase section */

/* Begin PBXGroup section */
		8637481D1F96359A003FD123 = {
			isa = PBXGroup;
			children = (
				863748281F96359A003FD123 /* proj-04 */,
				8637483D1F96359A003FD123 /* proj-04Tests */,
				863748481F96359A003FD123 /* proj-04UITests */,
				863748271F96359A003FD123 /* Products */,
			);
			sourceTree = "<group>";
		};
		863748271F96359A003FD123 /* Products */ = {
			isa = PBXGroup;
			children = (
				863748261F96359A003FD123 /* proj-04.app */,
				8637483A1F96359A003FD123 /* proj-04Tests.xctest */,
				863748451F96359A003FD123 /* proj-04UITests.xctest */,
			);
			name = Products;
			sourceTree = "<group>";
		};
		863748281F96359A003FD123 /* proj-04 */ = {
			isa = PBXGroup;
			children = (
				863748291F96359A003FD123 /* AppDelegate.swift */,
				8637482B1F96359A003FD123 /* ViewController.swift */,
				863748591F9645A2003FD123 /* TableView.swift */,
				8637482D1F96359A003FD123 /* Main.storyboard */,
				863748301F96359A003FD123 /* Assets.xcassets */,
				863748321F96359A003FD123 /* LaunchScreen.storyboard */,
				863748571F964444003FD123 /* Data.txt */,
				863748351F96359A003FD123 /* Info.plist */,
			);
			path = "proj-04";
			sourceTree = "<group>";
		};
		8637483D1F96359A003FD123 /* proj-04Tests */ = {
			isa = PBXGroup;
			children = (
				8637483E1F96359A003FD123 /* proj_04Tests.swift */,
				863748401F96359A003FD123 /* Info.plist */,
			);
			path = "proj-04Tests";
			sourceTree = "<group>";
		};
		863748481F96359A003FD123 /* proj-04UITests */ = {
			isa = PBXGroup;
			children = (
				863748491F96359A003FD123 /* proj_04UITests.swift */,
				8637484B1F96359A003FD123 /* Info.plist */,
			);
			path = "proj-04UITests";
			sourceTree = "<group>";
		};
/* End PBXGroup section */

/* Begin PBXNativeTarget section */
		863748251F96359A003FD123 /* proj-04 */ = {
			isa = PBXNativeTarget;
			buildConfigurationList = 8637484E1F96359A003FD123 /* Build configuration list for PBXNativeTarget "proj-04" */;
			buildPhases = (
				863748221F96359A003FD123 /* Sources */,
				863748231F96359A003FD123 /* Frameworks */,
				863748241F96359A003FD123 /* Resources */,
			);
			buildRules = (
			);
			dependencies = (
			);
			name = "proj-04";
			productName = "proj-04";
			productReference = 863748261F96359A003FD123 /* proj-04.app */;
			productType = "com.apple.product-type.application";
		};
		863748391F96359A003FD123 /* proj-04Tests */ = {
			isa = PBXNativeTarget;
			buildConfigurationList = 863748511F96359A003FD123 /* Build configuration list for PBXNativeTarget "proj-04Tests" */;
			buildPhases = (
				863748361F96359A003FD123 /* Sources */,
				863748371F96359A003FD123 /* Frameworks */,
				863748381F96359A003FD123 /* Resources */,
			);
			buildRules = (
			);
			dependencies = (
				8637483C1F96359A003FD123 /* PBXTargetDependency */,
			);
			name = "proj-04Tests";
			productName = "proj-04Tests";
			productReference = 8637483A1F96359A003FD123 /* proj-04Tests.xctest */;
			productType = "com.apple.product-type.bundle.unit-test";
		};
		863748441F96359A003FD123 /* proj-04UITests */ = {
			isa = PBXNativeTarget;
			buildConfigurationList = 863748541F96359A003FD123 /* Build configuration list for PBXNativeTarget "proj-04UITests" */;
			buildPhases = (
				863748411F96359A003FD123 /* Sources */,
				863748421F96359A003FD123 /* Frameworks */,
				863748431F96359A003FD123 /* Resources */,
			);
			buildRules = (
			);
			dependencies = (
				863748471F96359A003FD123 /* PBXTargetDependency */,
			);
			name = "proj-04UITests";
			productName = "proj-04UITests";
			productReference = 863748451F96359A003FD123 /* proj-04UITests.xctest */;
			productType = "com.apple.product-type.bundle.ui-testing";
		};
/* End PBXNativeTarget section */

/* Begin PBXProject section */
		8637481E1F96359A003FD123 /* Project object */ = {
			isa = PBXProject;
			attributes = {
				LastSwiftUpdateCheck = 0830;
				LastUpgradeCheck = 0830;
				ORGANIZATIONNAME = "不愿透露姓名的洪先生";
				TargetAttributes = {
					863748251F96359A003FD123 = {
						CreatedOnToolsVersion = 8.3.3;
						DevelopmentTeam = CE473MJ53W;
						ProvisioningStyle = Automatic;
					};
					863748391F96359A003FD123 = {
						CreatedOnToolsVersion = 8.3.3;
						DevelopmentTeam = CE473MJ53W;
						ProvisioningStyle = Automatic;
						TestTargetID = 863748251F96359A003FD123;
					};
					863748441F96359A003FD123 = {
						CreatedOnToolsVersion = 8.3.3;
						DevelopmentTeam = CE473MJ53W;
						ProvisioningStyle = Automatic;
						TestTargetID = 863748251F96359A003FD123;
					};
				};
			};
			buildConfigurationList = 863748211F96359A003FD123 /* Build configuration list for PBXProject "proj-04" */;
			compatibilityVersion = "Xcode 3.2";
			developmentRegion = English;
			hasScannedForEncodings = 0;
			knownRegions = (
				en,
				Base,
			);
			mainGroup = 8637481D1F96359A003FD123;
			productRefGroup = 863748271F96359A003FD123 /* Products */;
			projectDirPath = "";
			projectRoot = "";
			targets = (
				863748251F96359A003FD123 /* proj-04 */,
				863748391F96359A003FD123 /* proj-04Tests */,
				863748441F96359A003FD123 /* proj-04UITests */,
			);
		};
/* End PBXProject section */

/* Begin PBXResourcesBuildPhase section */
		863748241F96359A003FD123 /* Resources */ = {
			isa = PBXResourcesBuildPhase;
			buildActionMask = 2147483647;
			files = (
				863748581F964444003FD123 /* Data.txt in Resources */,
				863748341F96359A003FD123 /* LaunchScreen.storyboard in Resources */,
				863748311F96359A003FD123 /* Assets.xcassets in Resources */,
				8637482F1F96359A003FD123 /* Main.storyboard in Resources */,
			);
			runOnlyForDeploymentPostprocessing = 0;
		};
		863748381F96359A003FD123 /* Resources */ = {
			isa = PBXResourcesBuildPhase;
			buildActionMask = 2147483647;
			files = (
			);
			runOnlyForDeploymentPostprocessing = 0;
		};
		863748431F96359A003FD123 /* Resources */ = {
			isa = PBXResourcesBuildPhase;
			buildActionMask = 2147483647;
			files = (
			);
			runOnlyForDeploymentPostprocessing = 0;
		};
/* End PBXResourcesBuildPhase section */

/* Begin PBXSourcesBuildPhase section */
		863748221F96359A003FD123 /* Sources */ = {
			isa = PBXSourcesBuildPhase;
			buildActionMask = 2147483647;
			files = (
				8637482C1F96359A003FD123 /* ViewController.swift in Sources */,
				8637485A1F9645A2003FD123 /* TableView.swift in Sources */,
				8637482A1F96359A003FD123 /* AppDelegate.swift in Sources */,
			);
			runOnlyForDeploymentPostprocessing = 0;
		};
		863748361F96359A003FD123 /* Sources */ = {
			isa = PBXSourcesBuildPhase;
			buildActionMask = 2147483647;
			files = (
				8637483F1F96359A003FD123 /* proj_04Tests.swift in Sources */,
			);
			runOnlyForDeploymentPostprocessing = 0;
		};
		863748411F96359A003FD123 /* Sources */ = {
			isa = PBXSourcesBuildPhase;
			buildActionMask = 2147483647;
			files = (
				8637484A1F96359A003FD123 /* proj_04UITests.swift in Sources */,
			);
			runOnlyForDeploymentPostprocessing = 0;
		};
/* End PBXSourcesBuildPhase section */

/* Begin PBXTargetDependency section */
		8637483C1F96359A003FD123 /* PBXTargetDependency */ = {
			isa = PBXTargetDependency;
			target = 863748251F96359A003FD123 /* proj-04 */;
			targetProxy = 8637483B1F96359A003FD123 /* PBXContainerItemProxy */;
		};
		863748471F96359A003FD123 /* PBXTargetDependency */ = {
			isa = PBXTargetDependency;
			target = 863748251F96359A003FD123 /* proj-04 */;
			targetProxy = 863748461F96359A003FD123 /* PBXContainerItemProxy */;
		};
/* End PBXTargetDependency section */

/* Begin PBXVariantGroup section */
		8637482D1F96359A003FD123 /* Main.storyboard */ = {
			isa = PBXVariantGroup;
			children = (
				8637482E1F96359A003FD123 /* Base */,
			);
			name = Main.storyboard;
			sourceTree = "<group>";
		};
		863748321F96359A003FD123 /* LaunchScreen.storyboard */ = {
			isa = PBXVariantGroup;
			children = (
				863748331F96359A003FD123 /* Base */,
			);
			name = LaunchScreen.storyboard;
			sourceTree = "<group>";
		};
/* End PBXVariantGroup section */

/* Begin XCBuildConfiguration section */
		8637484C1F96359A003FD123 /* Debug */ = {
			isa = XCBuildConfiguration;
			buildSettings = {
				ALWAYS_SEARCH_USER_PATHS = NO;
				CLANG_ANALYZER_NONNULL = YES;
				CLANG_ANALYZER_NUMBER_OBJECT_CONVERSION = YES_AGGRESSIVE;
				CLANG_CXX_LANGUAGE_STANDARD = "gnu++0x";
				CLANG_CXX_LIBRARY = "libc++";
				CLANG_ENABLE_MODULES = YES;
				CLANG_ENABLE_OBJC_ARC = YES;
				CLANG_WARN_BOOL_CONVERSION = YES;
				CLANG_WARN_CONSTANT_CONVERSION = YES;
				CLANG_WARN_DIRECT_OBJC_ISA_USAGE = YES_ERROR;
				CLANG_WARN_DOCUMENTATION_COMMENTS = YES;
				CLANG_WARN_EMPTY_BODY = YES;
				CLANG_WARN_ENUM_CONVERSION = YES;
				CLANG_WARN_INFINITE_RECURSION = YES;
				CLANG_WARN_INT_CONVERSION = YES;
				CLANG_WARN_OBJC_ROOT_CLASS = YES_ERROR;
				CLANG_WARN_SUSPICIOUS_MOVE = YES;
				CLANG_WARN_UNREACHABLE_CODE = YES;
				CLANG_WARN__DUPLICATE_METHOD_MATCH = YES;
				"CODE_SIGN_IDENTITY[sdk=iphoneos*]" = "iPhone Developer";
				COPY_PHASE_STRIP = NO;
				DEBUG_INFORMATION_FORMAT = dwarf;
				ENABLE_STRICT_OBJC_MSGSEND = YES;
				ENABLE_TESTABILITY = YES;
				GCC_C_LANGUAGE_STANDARD = gnu99;
				GCC_DYNAMIC_NO_PIC = NO;
				GCC_NO_COMMON_BLOCKS = YES;
				GCC_OPTIMIZATION_LEVEL = 0;
				GCC_PREPROCESSOR_DEFINITIONS = (
					"DEBUG=1",
					"$(inherited)",
				);
				GCC_WARN_64_TO_32_BIT_CONVERSION = YES;
				GCC_WARN_ABOUT_RETURN_TYPE = YES_ERROR;
				GCC_WARN_UNDECLARED_SELECTOR = YES;
				GCC_WARN_UNINITIALIZED_AUTOS = YES_AGGRESSIVE;
				GCC_WARN_UNUSED_FUNCTION = YES;
				GCC_WARN_UNUSED_VARIABLE = YES;
				IPHONEOS_DEPLOYMENT_TARGET = 10.3;
				MTL_ENABLE_DEBUG_INFO = YES;
				ONLY_ACTIVE_ARCH = YES;
				SDKROOT = iphoneos;
				SWIFT_ACTIVE_COMPILATION_CONDITIONS = DEBUG;
				SWIFT_OPTIMIZATION_LEVEL = "-Onone";
			};
			name = Debug;
		};
		8637484D1F96359A003FD123 /* Release */ = {
			isa = XCBuildConfiguration;
			buildSettings = {
				ALWAYS_SEARCH_USER_PATHS = NO;
				CLANG_ANALYZER_NONNULL = YES;
				CLANG_ANALYZER_NUMBER_OBJECT_CONVERSION = YES_AGGRESSIVE;
				CLANG_CXX_LANGUAGE_STANDARD = "gnu++0x";
				CLANG_CXX_LIBRARY = "libc++";
				CLANG_ENABLE_MODULES = YES;
				CLANG_ENABLE_OBJC_ARC = YES;
				CLANG_WARN_BOOL_CONVERSION = YES;
				CLANG_WARN_CONSTANT_CONVERSION = YES;
				CLANG_WARN_DIRECT_OBJC_ISA_USAGE = YES_ERROR;
				CLANG_WARN_DOCUMENTATION_COMMENTS = YES;
				CLANG_WARN_EMPTY_BODY = YES;
				CLANG_WARN_ENUM_CONVERSION = YES;
				CLANG_WARN_INFINITE_RECURSION = YES;
				CLANG_WARN_INT_CONVERSION = YES;
				CLANG_WARN_OBJC_ROOT_CLASS = YES_ERROR;
				CLANG_WARN_SUSPICIOUS_MOVE = YES;
				CLANG_WARN_UNREACHABLE_CODE = YES;
				CLANG_WARN__DUPLICATE_METHOD_MATCH = YES;
				"CODE_SIGN_IDENTITY[sdk=iphoneos*]" = "iPhone Developer";
				COPY_PHASE_STRIP = NO;
				DEBUG_INFORMATION_FORMAT = "dwarf-with-dsym";
				ENABLE_NS_ASSERTIONS = NO;
				ENABLE_STRICT_OBJC_MSGSEND = YES;
				GCC_C_LANGUAGE_STANDARD = gnu99;
				GCC_NO_COMMON_BLOCKS = YES;
				GCC_WARN_64_TO_32_BIT_CONVERSION = YES;
				GCC_WARN_ABOUT_RETURN_TYPE = YES_ERROR;
				GCC_WARN_UNDECLARED_SELECTOR = YES;
				GCC_WARN_UNINITIALIZED_AUTOS = YES_AGGRESSIVE;
				GCC_WARN_UNUSED_FUNCTION = YES;
				GCC_WARN_UNUSED_VARIABLE = YES;
				IPHONEOS_DEPLOYMENT_TARGET = 10.3;
				MTL_ENABLE_DEBUG_INFO = NO;
				SDKROOT = iphoneos;
				SWIFT_OPTIMIZATION_LEVEL = "-Owholemodule";
				VALIDATE_PRODUCT = YES;
			};
			name = Release;
		};
		8637484F1F96359A003FD123 /* Debug */ = {
			isa = XCBuildConfiguration;
			buildSettings = {
				ASSETCATALOG_COMPILER_APPICON_NAME = AppIcon;
				DEVELOPMENT_TEAM = CE473MJ53W;
				INFOPLIST_FILE = "proj-04/Info.plist";
				LD_RUNPATH_SEARCH_PATHS = "$(inherited) @executable_path/Frameworks";
				PRODUCT_BUNDLE_IDENTIFIER = "com.godyu.sencanblue.proj-04";
				PRODUCT_NAME = "$(TARGET_NAME)";
				SWIFT_VERSION = 3.0;
			};
			name = Debug;
		};
		863748501F96359A003FD123 /* Release */ = {
			isa = XCBuildConfiguration;
			buildSettings = {
				ASSETCATALOG_COMPILER_APPICON_NAME = AppIcon;
				DEVELOPMENT_TEAM = CE473MJ53W;
				INFOPLIST_FILE = "proj-04/Info.plist";
				LD_RUNPATH_SEARCH_PATHS = "$(inherited) @executable_path/Frameworks";
				PRODUCT_BUNDLE_IDENTIFIER = "com.godyu.sencanblue.proj-04";
				PRODUCT_NAME = "$(TARGET_NAME)";
				SWIFT_VERSION = 3.0;
			};
			name = Release;
		};
		863748521F96359A003FD123 /* Debug */ = {
			isa = XCBuildConfiguration;
			buildSettings = {
				ALWAYS_EMBED_SWIFT_STANDARD_LIBRARIES = YES;
				BUNDLE_LOADER = "$(TEST_HOST)";
				DEVELOPMENT_TEAM = CE473MJ53W;
				INFOPLIST_FILE = "proj-04Tests/Info.plist";
				LD_RUNPATH_SEARCH_PATHS = "$(inherited) @executable_path/Frameworks @loader_path/Frameworks";
				PRODUCT_BUNDLE_IDENTIFIER = "com.godyu.sencanblue.proj-04Tests";
				PRODUCT_NAME = "$(TARGET_NAME)";
				SWIFT_VERSION = 3.0;
				TEST_HOST = "$(BUILT_PRODUCTS_DIR)/proj-04.app/proj-04";
			};
			name = Debug;
		};
		863748531F96359A003FD123 /* Release */ = {
			isa = XCBuildConfiguration;
			buildSettings = {
				ALWAYS_EMBED_SWIFT_STANDARD_LIBRARIES = YES;
				BUNDLE_LOADER = "$(TEST_HOST)";
				DEVELOPMENT_TEAM = CE473MJ53W;
				INFOPLIST_FILE = "proj-04Tests/Info.plist";
				LD_RUNPATH_SEARCH_PATHS = "$(inherited) @executable_path/Frameworks @loader_path/Frameworks";
				PRODUCT_BUNDLE_IDENTIFIER = "com.godyu.sencanblue.proj-04Tests";
				PRODUCT_NAME = "$(TARGET_NAME)";
				SWIFT_VERSION = 3.0;
				TEST_HOST = "$(BUILT_PRODUCTS_DIR)/proj-04.app/proj-04";
			};
			name = Release;
		};
		863748551F96359A003FD123 /* Debug */ = {
			isa = XCBuildConfiguration;
			buildSettings = {
				ALWAYS_EMBED_SWIFT_STANDARD_LIBRARIES = YES;
				DEVELOPMENT_TEAM = CE473MJ53W;
				INFOPLIST_FILE = "proj-04UITests/Info.plist";
				LD_RUNPATH_SEARCH_PATHS = "$(inherited) @executable_path/Frameworks @loader_path/Frameworks";
				PRODUCT_BUNDLE_IDENTIFIER = "com.godyu.sencanblue.proj-04UITests";
				PRODUCT_NAME = "$(TARGET_NAME)";
				SWIFT_VERSION = 3.0;
				TEST_TARGET_NAME = "proj-04";
			};
			name = Debug;
		};
		863748561F96359A003FD123 /* Release */ = {
			isa = XCBuildConfiguration;
			buildSettings = {
				ALWAYS_EMBED_SWIFT_STANDARD_LIBRARIES = YES;
				DEVELOPMENT_TEAM = CE473MJ53W;
				INFOPLIST_FILE = "proj-04UITests/Info.plist";
				LD_RUNPATH_SEARCH_PATHS = "$(inherited) @executable_path/Frameworks @loader_path/Frameworks";
				PRODUCT_BUNDLE_IDENTIFIER = "com.godyu.sencanblue.proj-04UITests";
				PRODUCT_NAME = "$(TARGET_NAME)";
				SWIFT_VERSION = 3.0;
				TEST_TARGET_NAME = "proj-04";
			};
			name = Release;
		};
/* End XCBuildConfiguration section */

/* Begin XCConfigurationList section */
		863748211F96359A003FD123 /* Build configuration list for PBXProject "proj-04" */ = {
			isa = XCConfigurationList;
			buildConfigurations = (
				8637484C1F96359A003FD123 /* Debug */,
				8637484D1F96359A003FD123 /* Release */,
			);
			defaultConfigurationIsVisible = 0;
			defaultConfigurationName = Release;
		};
		8637484E1F96359A003FD123 /* Build configuration list for PBXNativeTarget "proj-04" */ = {
			isa = XCConfigurationList;
			buildConfigurations = (
				8637484F1F96359A003FD123 /* Debug */,
				863748501F96359A003FD123 /* Release */,
			);
			defaultConfigurationIsVisible = 0;
		};
		863748511F96359A003FD123 /* Build configuration list for PBXNativeTarget "proj-04Tests" */ = {
			isa = XCConfigurationList;
			buildConfigurations = (
				863748521F96359A003FD123 /* Debug */,
				863748531F96359A003FD123 /* Release */,
			);
			defaultConfigurationIsVisible = 0;
		};
		863748541F96359A003FD123 /* Build configuration list for PBXNativeTarget "proj-04UITests" */ = {
			isa = XCConfigurationList;
			buildConfigurations = (
				863748551F96359A003FD123 /* Debug */,
				863748561F96359A003FD123 /* Release */,
			);
			defaultConfigurationIsVisible = 0;
		};
/* End XCConfigurationList section */
	};
	rootObject = 8637481E1F96359A003FD123 /* Project object */;
}
